
Microsoft Visual Studio Solution File, Format Version 12.00
# Visual Studio Version 16
VisualStudioVersion = 16.0.30717.126
MinimumVisualStudioVersion = 10.0.40219.1
Project("{9A19103F-16F7-4668-BE54-9A1E7A4F7556}") = "GodOfPersonalTeaching", "..\..\..\..\..\..\..\Desktop\mobile\GodOfPersonalTeaching\GodOfPersonalTeaching.csproj", "{67D415BC-066E-42CB-9BE5-7856E9CF8B3F}"
EndProject
Project("{FAE04EC0-301F-11D3-BF4B-00C04F79EFBC}") = "GodOfPersonalTeaching.Android", "..\..\..\..\..\..\..\Desktop\mobile\GodOfPersonalTeaching.Android\GodOfPersonalTeaching.Android.csproj", "{3172D4CB-C77B-4DF9-8625-2B2AA339C58E}"
EndProject
Project("{FAE04EC0-301F-11D3-BF4B-00C04F79EFBC}") = "GodOfPersonalTeaching.iOS", "..\..\..\..\..\..\..\Desktop\mobile\GodOfPersonalTeaching.iOS\GodOfPersonalTeaching.iOS.csproj", "{29BB6BBE-5824-4673-A66D-FE3EF74FA6FA}"
EndProject
Global
	GlobalSection(SolutionConfigurationPlatforms) = preSolution
		Debug|Any CPU = Debug|Any CPU
		Debug|iPhone = Debug|iPhone
		Debug|iPhoneSimulator = Debug|iPhoneSimulator
		Release|Any CPU = Release|Any CPU
		Release|iPhone = Release|iPhone
		Release|iPhoneSimulator = Release|iPhoneSimulator
	EndGlobalSection
	GlobalSection(ProjectConfigurationPlatforms) = postSolution
		{67D415BC-066E-42CB-9BE5-7856E9CF8B3F}.Debug|Any CPU.ActiveCfg = Debug|Any CPU
		{67D415BC-066E-42CB-9BE5-7856E9CF8B3F}.Debug|Any CPU.Build.0 = Debug|Any CPU
		{67D415BC-066E-42CB-9BE5-7856E9CF8B3F}.Debug|iPhone.ActiveCfg = Debug|Any CPU
		{67D415BC-066E-42CB-9BE5-7856E9CF8B3F}.Debug|iPhone.Build.0 = Debug|Any CPU
		{67D415BC-066E-42CB-9BE5-7856E9CF8B3F}.Debug|iPhoneSimulator.ActiveCfg = Debug|Any CPU
		{67D415BC-066E-42CB-9BE5-7856E9CF8B3F}.Debug|iPhoneSimulator.Build.0 = Debug|Any CPU
		{67D415BC-066E-42CB-9BE5-7856E9CF8B3F}.Release|Any CPU.ActiveCfg = Release|Any CPU
		{67D415BC-066E-42CB-9BE5-7856E9CF8B3F}.Release|Any CPU.Build.0 = Release|Any CPU
		{67D415BC-066E-42CB-9BE5-7856E9CF8B3F}.Release|iPhone.ActiveCfg = Release|Any CPU
		{67D415BC-066E-42CB-9BE5-7856E9CF8B3F}.Release|iPhone.Build.0 = Release|Any CPU
		{67D415BC-066E-42CB-9BE5-7856E9CF8B3F}.Release|iPhoneSimulator.ActiveCfg = Release|Any CPU
		{67D415BC-066E-42CB-9BE5-7856E9CF8B3F}.Release|iPhoneSimulator.Build.0 = Release|Any CPU
		{3172D4CB-C77B-4DF9-8625-2B2AA339C58E}.Debug|Any CPU.ActiveCfg = Debug|Any CPU
		{3172D4CB-C77B-4DF9-8625-2B2AA339C58E}.Debug|Any CPU.Build.0 = Debug|Any CPU
		{3172D4CB-C77B-4DF9-8625-2B2AA339C58E}.Debug|Any CPU.Deploy.0 = Debug|Any CPU
		{3172D4CB-C77B-4DF9-8625-2B2AA339C58E}.Debug|iPhone.ActiveCfg = Debug|Any CPU
		{3172D4CB-C77B-4DF9-8625-2B2AA339C58E}.Debug|iPhone.Build.0 = Debug|Any CPU
		{3172D4CB-C77B-4DF9-8625-2B2AA339C58E}.Debug|iPhone.Deploy.0 = Debug|Any CPU
		{3172D4CB-C77B-4DF9-8625-2B2AA339C58E}.Debug|iPhoneSimulator.ActiveCfg = Debug|Any CPU
		{3172D4CB-C77B-4DF9-8625-2B2AA339C58E}.Debug|iPhoneSimulator.Build.0 = Debug|Any CPU
		{3172D4CB-C77B-4DF9-8625-2B2AA339C58E}.Debug|iPhoneSimulator.Deploy.0 = Debug|Any CPU
		{3172D4CB-C77B-4DF9-8625-2B2AA339C58E}.Release|Any CPU.ActiveCfg = Release|Any CPU
		{3172D4CB-C77B-4DF9-8625-2B2AA339C58E}.Release|Any CPU.Build.0 = Release|Any CPU
		{3172D4CB-C77B-4DF9-8625-2B2AA339C58E}.Release|Any CPU.Deploy.0 = Release|Any CPU
		{3172D4CB-C77B-4DF9-8625-2B2AA339C58E}.Release|iPhone.ActiveCfg = Release|Any CPU
		{3172D4CB-C77B-4DF9-8625-2B2AA339C58E}.Release|iPhone.Build.0 = Release|Any CPU
		{3172D4CB-C77B-4DF9-8625-2B2AA339C58E}.Release|iPhone.Deploy.0 = Release|Any CPU
		{3172D4CB-C77B-4DF9-8625-2B2AA339C58E}.Release|iPhoneSimulator.ActiveCfg = Release|Any CPU
		{3172D4CB-C77B-4DF9-8625-2B2AA339C58E}.Release|iPhoneSimulator.Build.0 = Release|Any CPU
		{3172D4CB-C77B-4DF9-8625-2B2AA339C58E}.Release|iPhoneSimulator.Deploy.0 = Release|Any CPU
		{29BB6BBE-5824-4673-A66D-FE3EF74FA6FA}.Debug|Any CPU.ActiveCfg = Debug|iPhoneSimulator
		{29BB6BBE-5824-4673-A66D-FE3EF74FA6FA}.Debug|iPhone.ActiveCfg = Debug|iPhone
		{29BB6BBE-5824-4673-A66D-FE3EF74FA6FA}.Debug|iPhone.Build.0 = Debug|iPhone
		{29BB6BBE-5824-4673-A66D-FE3EF74FA6FA}.Debug|iPhoneSimulator.ActiveCfg = Debug|iPhoneSimulator
		{29BB6BBE-5824-4673-A66D-FE3EF74FA6FA}.Debug|iPhoneSimulator.Build.0 = Debug|iPhoneSimulator
		{29BB6BBE-5824-4673-A66D-FE3EF74FA6FA}.Release|Any CPU.ActiveCfg = Release|iPhoneSimulator
		{29BB6BBE-5824-4673-A66D-FE3EF74FA6FA}.Release|iPhone.ActiveCfg = Release|iPhone
		{29BB6BBE-5824-4673-A66D-FE3EF74FA6FA}.Release|iPhone.Build.0 = Release|iPhone
		{29BB6BBE-5824-4673-A66D-FE3EF74FA6FA}.Release|iPhoneSimulator.ActiveCfg = Release|iPhoneSimulator
		{29BB6BBE-5824-4673-A66D-FE3EF74FA6FA}.Release|iPhoneSimulator.Build.0 = Release|iPhoneSimulator
	EndGlobalSection
	GlobalSection(SolutionProperties) = preSolution
		HideSolutionNode = FALSE
	EndGlobalSection
	GlobalSection(ExtensibilityGlobals) = postSolution
		SolutionGuid = {2F805B35-57E0-4041-A2B1-14256643BBB1}
	EndGlobalSection
EndGlobal
